// !$*UTF8*$!
{
	archiveVersion = 1;
	classes = {
	};
	objectVersion = 46;
	objects = {

/* Begin PBXBuildFile section */
		C12622B81B74F9E200886D97 /* PlayerIdleState.swift in Sources */ = {isa = PBXBuildFile; fileRef = C12622B71B74F9E200886D97 /* PlayerIdleState.swift */; };
		C12622B91B74F9E200886D97 /* PlayerIdleState.swift in Sources */ = {isa = PBXBuildFile; fileRef = C12622B71B74F9E200886D97 /* PlayerIdleState.swift */; };
		C12622C21B74FA1900886D97 /* PlayerMovingState.swift in Sources */ = {isa = PBXBuildFile; fileRef = C12622C01B74FA1900886D97 /* PlayerMovingState.swift */; };
		C12622C31B74FA1900886D97 /* PlayerMovingState.swift in Sources */ = {isa = PBXBuildFile; fileRef = C12622C01B74FA1900886D97 /* PlayerMovingState.swift */; };
		C12622C41B74FA1900886D97 /* EnemyIdleState.swift in Sources */ = {isa = PBXBuildFile; fileRef = C12622C11B74FA1900886D97 /* EnemyIdleState.swift */; };
		C12622C51B74FA1900886D97 /* EnemyIdleState.swift in Sources */ = {isa = PBXBuildFile; fileRef = C12622C11B74FA1900886D97 /* EnemyIdleState.swift */; };
		C12622C71B74FA3100886D97 /* EnemyPatrolState.swift in Sources */ = {isa = PBXBuildFile; fileRef = C12622C61B74FA3100886D97 /* EnemyPatrolState.swift */; };
		C12622C81B74FA3100886D97 /* EnemyPatrolState.swift in Sources */ = {isa = PBXBuildFile; fileRef = C12622C61B74FA3100886D97 /* EnemyPatrolState.swift */; };
		C12622D01B75196E00886D97 /* Message.swift in Sources */ = {isa = PBXBuildFile; fileRef = C12622CF1B75196E00886D97 /* Message.swift */; };
		C12622D11B75196E00886D97 /* Message.swift in Sources */ = {isa = PBXBuildFile; fileRef = C12622CF1B75196E00886D97 /* Message.swift */; };
		C12622D51B76400B00886D97 /* MovingGameObject.swift in Sources */ = {isa = PBXBuildFile; fileRef = C12622D41B76400B00886D97 /* MovingGameObject.swift */; };
		C12622D61B76400B00886D97 /* MovingGameObject.swift in Sources */ = {isa = PBXBuildFile; fileRef = C12622D41B76400B00886D97 /* MovingGameObject.swift */; };
		C12622DB1B7641A800886D97 /* SteeringBehavior.swift in Sources */ = {isa = PBXBuildFile; fileRef = C12622DA1B7641A800886D97 /* SteeringBehavior.swift */; };
		C12622DC1B7641A800886D97 /* SteeringBehavior.swift in Sources */ = {isa = PBXBuildFile; fileRef = C12622DA1B7641A800886D97 /* SteeringBehavior.swift */; };
		C12622DF1B7650AD00886D97 /* SCNVector3Extensions.swift in Sources */ = {isa = PBXBuildFile; fileRef = C12622DE1B7650AD00886D97 /* SCNVector3Extensions.swift */; };
		C12622E01B7650AD00886D97 /* SCNVector3Extensions.swift in Sources */ = {isa = PBXBuildFile; fileRef = C12622DE1B7650AD00886D97 /* SCNVector3Extensions.swift */; };
		C12622E51B79400D00886D97 /* BoxObstacle.swift in Sources */ = {isa = PBXBuildFile; fileRef = C12622E41B79400D00886D97 /* BoxObstacle.swift */; };
		C12622E61B79400D00886D97 /* BoxObstacle.swift in Sources */ = {isa = PBXBuildFile; fileRef = C12622E41B79400D00886D97 /* BoxObstacle.swift */; };
		C1B469461B7A4B5800E6A3B5 /* Path.swift in Sources */ = {isa = PBXBuildFile; fileRef = C1B469451B7A4B5800E6A3B5 /* Path.swift */; };
		C1B469471B7A4B5800E6A3B5 /* Path.swift in Sources */ = {isa = PBXBuildFile; fileRef = C1B469451B7A4B5800E6A3B5 /* Path.swift */; };
		C1BC3BAA1B7CEB6300FCAA47 /* Queue.swift in Sources */ = {isa = PBXBuildFile; fileRef = C1BC3BA91B7CEB6300FCAA47 /* Queue.swift */; };
		C1BC3BAB1B7CEB6300FCAA47 /* Queue.swift in Sources */ = {isa = PBXBuildFile; fileRef = C1BC3BA91B7CEB6300FCAA47 /* Queue.swift */; };
		C1BC3BB01B7CEC1500FCAA47 /* Goal.swift in Sources */ = {isa = PBXBuildFile; fileRef = C1BC3BAF1B7CEC1500FCAA47 /* Goal.swift */; };
		C1BC3BB11B7CEC1500FCAA47 /* Goal.swift in Sources */ = {isa = PBXBuildFile; fileRef = C1BC3BAF1B7CEC1500FCAA47 /* Goal.swift */; };
		C1BC3BB31B7CEC2900FCAA47 /* CompositeGoal.swift in Sources */ = {isa = PBXBuildFile; fileRef = C1BC3BB21B7CEC2900FCAA47 /* CompositeGoal.swift */; };
		C1BC3BB41B7CEC2900FCAA47 /* CompositeGoal.swift in Sources */ = {isa = PBXBuildFile; fileRef = C1BC3BB21B7CEC2900FCAA47 /* CompositeGoal.swift */; };
		C1BC3BB71B7CF88100FCAA47 /* WanderGoal.swift in Sources */ = {isa = PBXBuildFile; fileRef = C1BC3BB61B7CF88100FCAA47 /* WanderGoal.swift */; };
		C1BC3BB81B7CF88100FCAA47 /* WanderGoal.swift in Sources */ = {isa = PBXBuildFile; fileRef = C1BC3BB61B7CF88100FCAA47 /* WanderGoal.swift */; };
		C1BC3BBA1B7D029E00FCAA47 /* Regulator.swift in Sources */ = {isa = PBXBuildFile; fileRef = C1BC3BB91B7D029E00FCAA47 /* Regulator.swift */; };
		C1BC3BBB1B7D029E00FCAA47 /* Regulator.swift in Sources */ = {isa = PBXBuildFile; fileRef = C1BC3BB91B7D029E00FCAA47 /* Regulator.swift */; };
		C1BC3BC01B7D06BA00FCAA47 /* ThinkGoal.swift in Sources */ = {isa = PBXBuildFile; fileRef = C1BC3BBF1B7D06BA00FCAA47 /* ThinkGoal.swift */; };
		C1BC3BC11B7D06BA00FCAA47 /* ThinkGoal.swift in Sources */ = {isa = PBXBuildFile; fileRef = C1BC3BBF1B7D06BA00FCAA47 /* ThinkGoal.swift */; };
		C1D165C01B7D1FE800358B68 /* GoalEvaluator.swift in Sources */ = {isa = PBXBuildFile; fileRef = C1D165BF1B7D1FE800358B68 /* GoalEvaluator.swift */; };
		C1D165C11B7D1FE800358B68 /* GoalEvaluator.swift in Sources */ = {isa = PBXBuildFile; fileRef = C1D165BF1B7D1FE800358B68 /* GoalEvaluator.swift */; };
		C1D165C31B7D22BC00358B68 /* WanderGoalEvaluator.swift in Sources */ = {isa = PBXBuildFile; fileRef = C1D165C21B7D22BC00358B68 /* WanderGoalEvaluator.swift */; };
		C1D165C41B7D22BC00358B68 /* WanderGoalEvaluator.swift in Sources */ = {isa = PBXBuildFile; fileRef = C1D165C21B7D22BC00358B68 /* WanderGoalEvaluator.swift */; };
		C1D165CD1B7D3DBB00358B68 /* PatrolGoalEvaluator.swift in Sources */ = {isa = PBXBuildFile; fileRef = C1D165CB1B7D3DBB00358B68 /* PatrolGoalEvaluator.swift */; };
		C1D165CE1B7D3DBB00358B68 /* PatrolGoalEvaluator.swift in Sources */ = {isa = PBXBuildFile; fileRef = C1D165CB1B7D3DBB00358B68 /* PatrolGoalEvaluator.swift */; };
		C1D165CF1B7D3DBB00358B68 /* PatrolGoal.swift in Sources */ = {isa = PBXBuildFile; fileRef = C1D165CC1B7D3DBB00358B68 /* PatrolGoal.swift */; };
		C1D165D01B7D3DBB00358B68 /* PatrolGoal.swift in Sources */ = {isa = PBXBuildFile; fileRef = C1D165CC1B7D3DBB00358B68 /* PatrolGoal.swift */; };
		C1D165D21B7D790A00358B68 /* Graph.swift in Sources */ = {isa = PBXBuildFile; fileRef = C1D165D11B7D790A00358B68 /* Graph.swift */; };
		C1D165D31B7D790A00358B68 /* Graph.swift in Sources */ = {isa = PBXBuildFile; fileRef = C1D165D11B7D790A00358B68 /* Graph.swift */; };
		C1D165D91B7E1C5900358B68 /* PathPlanner.swift in Sources */ = {isa = PBXBuildFile; fileRef = C1D165D81B7E1C5900358B68 /* PathPlanner.swift */; };
		C1D165DA1B7E1C5900358B68 /* PathPlanner.swift in Sources */ = {isa = PBXBuildFile; fileRef = C1D165D81B7E1C5900358B68 /* PathPlanner.swift */; };
		C1D165DC1B7E3E4100358B68 /* ShortestPathStep.swift in Sources */ = {isa = PBXBuildFile; fileRef = C1D165DB1B7E3E4100358B68 /* ShortestPathStep.swift */; };
		C1D165DD1B7E3E4100358B68 /* ShortestPathStep.swift in Sources */ = {isa = PBXBuildFile; fileRef = C1D165DB1B7E3E4100358B68 /* ShortestPathStep.swift */; };
		C1D165DF1B7E3FEC00358B68 /* NavigationMeshGraph.swift in Sources */ = {isa = PBXBuildFile; fileRef = C1D165DE1B7E3FEC00358B68 /* NavigationMeshGraph.swift */; };
		C1D165E01B7E3FEC00358B68 /* NavigationMeshGraph.swift in Sources */ = {isa = PBXBuildFile; fileRef = C1D165DE1B7E3FEC00358B68 /* NavigationMeshGraph.swift */; };
		C1D165E21B7E40F200358B68 /* Vertex.swift in Sources */ = {isa = PBXBuildFile; fileRef = C1D165E11B7E40F200358B68 /* Vertex.swift */; };
		C1D165E31B7E40F200358B68 /* Vertex.swift in Sources */ = {isa = PBXBuildFile; fileRef = C1D165E11B7E40F200358B68 /* Vertex.swift */; };
		C1D165E51B7E41E100358B68 /* MeshTriangle.swift in Sources */ = {isa = PBXBuildFile; fileRef = C1D165E41B7E41E100358B68 /* MeshTriangle.swift */; };
		C1D165E61B7E41E100358B68 /* MeshTriangle.swift in Sources */ = {isa = PBXBuildFile; fileRef = C1D165E41B7E41E100358B68 /* MeshTriangle.swift */; };
		C1D165E81B7E43FA00358B68 /* GameUtils.swift in Sources */ = {isa = PBXBuildFile; fileRef = C1D165E71B7E43FA00358B68 /* GameUtils.swift */; };
		C1D165E91B7E43FA00358B68 /* GameUtils.swift in Sources */ = {isa = PBXBuildFile; fileRef = C1D165E71B7E43FA00358B68 /* GameUtils.swift */; };
		C1D165EB1B7E531100358B68 /* Vector3D.swift in Sources */ = {isa = PBXBuildFile; fileRef = C1D165EA1B7E531100358B68 /* Vector3D.swift */; };
		C1D165EC1B7E531100358B68 /* Vector3D.swift in Sources */ = {isa = PBXBuildFile; fileRef = C1D165EA1B7E531100358B68 /* Vector3D.swift */; };
		C1DF9F881B717E8900DAD2B8 /* AppDelegate.swift in Sources */ = {isa = PBXBuildFile; fileRef = C1DF9F871B717E8900DAD2B8 /* AppDelegate.swift */; };
		C1DF9F8C1B717E8900DAD2B8 /* GameViewController.swift in Sources */ = {isa = PBXBuildFile; fileRef = C1DF9F8B1B717E8900DAD2B8 /* GameViewController.swift */; };
		C1DF9F8F1B717E8900DAD2B8 /* Main.storyboard in Resources */ = {isa = PBXBuildFile; fileRef = C1DF9F8D1B717E8900DAD2B8 /* Main.storyboard */; };
		C1DF9F941B717E8900DAD2B8 /* LaunchScreen.storyboard in Resources */ = {isa = PBXBuildFile; fileRef = C1DF9F921B717E8900DAD2B8 /* LaunchScreen.storyboard */; };
		C1DF9FA21B717EB200DAD2B8 /* AppDelegate.swift in Sources */ = {isa = PBXBuildFile; fileRef = C1DF9FA11B717EB200DAD2B8 /* AppDelegate.swift */; };
		C1DF9FA41B717EB200DAD2B8 /* GameView.swift in Sources */ = {isa = PBXBuildFile; fileRef = C1DF9FA31B717EB200DAD2B8 /* GameView.swift */; };
		C1DF9FA61B717EB200DAD2B8 /* GameViewController.swift in Sources */ = {isa = PBXBuildFile; fileRef = C1DF9FA51B717EB200DAD2B8 /* GameViewController.swift */; };
		C1DF9FAD1B717EB200DAD2B8 /* MainMenu.xib in Resources */ = {isa = PBXBuildFile; fileRef = C1DF9FAB1B717EB200DAD2B8 /* MainMenu.xib */; };
		C1DFA0381B73B69C00DAD2B8 /* Assets.xcassets in Resources */ = {isa = PBXBuildFile; fileRef = C1DFA0301B73B69C00DAD2B8 /* Assets.xcassets */; };
		C1DFA0391B73B69C00DAD2B8 /* Assets.xcassets in Resources */ = {isa = PBXBuildFile; fileRef = C1DFA0301B73B69C00DAD2B8 /* Assets.xcassets */; };
		C1DFA03A1B73B69C00DAD2B8 /* art.scnassets in Resources */ = {isa = PBXBuildFile; fileRef = C1DFA0311B73B69C00DAD2B8 /* art.scnassets */; };
		C1DFA03B1B73B69C00DAD2B8 /* art.scnassets in Resources */ = {isa = PBXBuildFile; fileRef = C1DFA0311B73B69C00DAD2B8 /* art.scnassets */; };
		C1DFA0511B73B7A600DAD2B8 /* SkinnedCharacter.swift in Sources */ = {isa = PBXBuildFile; fileRef = C1DFA0491B73B7A600DAD2B8 /* SkinnedCharacter.swift */; };
		C1DFA0521B73B7A600DAD2B8 /* SkinnedCharacter.swift in Sources */ = {isa = PBXBuildFile; fileRef = C1DFA0491B73B7A600DAD2B8 /* SkinnedCharacter.swift */; };
		C1DFA0531B73B7A600DAD2B8 /* GameUtilities.swift in Sources */ = {isa = PBXBuildFile; fileRef = C1DFA04A1B73B7A600DAD2B8 /* GameUtilities.swift */; };
		C1DFA0541B73B7A600DAD2B8 /* GameUtilities.swift in Sources */ = {isa = PBXBuildFile; fileRef = C1DFA04A1B73B7A600DAD2B8 /* GameUtilities.swift */; };
		C1DFA0551B73B7A600DAD2B8 /* GameSceneView.swift in Sources */ = {isa = PBXBuildFile; fileRef = C1DFA04B1B73B7A600DAD2B8 /* GameSceneView.swift */; };
		C1DFA0561B73B7A600DAD2B8 /* GameSceneView.swift in Sources */ = {isa = PBXBuildFile; fileRef = C1DFA04B1B73B7A600DAD2B8 /* GameSceneView.swift */; };
		C1DFA0571B73B7A600DAD2B8 /* GameScenesManager.swift in Sources */ = {isa = PBXBuildFile; fileRef = C1DFA04C1B73B7A600DAD2B8 /* GameScenesManager.swift */; };
		C1DFA0581B73B7A600DAD2B8 /* GameScenesManager.swift in Sources */ = {isa = PBXBuildFile; fileRef = C1DFA04C1B73B7A600DAD2B8 /* GameScenesManager.swift */; };
		C1DFA0591B73B7A600DAD2B8 /* GameOverlayScene.swift in Sources */ = {isa = PBXBuildFile; fileRef = C1DFA04D1B73B7A600DAD2B8 /* GameOverlayScene.swift */; };
		C1DFA05A1B73B7A600DAD2B8 /* GameOverlayScene.swift in Sources */ = {isa = PBXBuildFile; fileRef = C1DFA04D1B73B7A600DAD2B8 /* GameOverlayScene.swift */; };
		C1DFA05B1B73B7A600DAD2B8 /* GameObject.swift in Sources */ = {isa = PBXBuildFile; fileRef = C1DFA04E1B73B7A600DAD2B8 /* GameObject.swift */; };
		C1DFA05C1B73B7A600DAD2B8 /* GameObject.swift in Sources */ = {isa = PBXBuildFile; fileRef = C1DFA04E1B73B7A600DAD2B8 /* GameObject.swift */; };
		C1DFA05D1B73B7A600DAD2B8 /* GameLevel.swift in Sources */ = {isa = PBXBuildFile; fileRef = C1DFA04F1B73B7A600DAD2B8 /* GameLevel.swift */; };
		C1DFA05E1B73B7A600DAD2B8 /* GameLevel.swift in Sources */ = {isa = PBXBuildFile; fileRef = C1DFA04F1B73B7A600DAD2B8 /* GameLevel.swift */; };
		C1DFA05F1B73B7A600DAD2B8 /* GameCamera.swift in Sources */ = {isa = PBXBuildFile; fileRef = C1DFA0501B73B7A600DAD2B8 /* GameCamera.swift */; };
		C1DFA0601B73B7A600DAD2B8 /* GameCamera.swift in Sources */ = {isa = PBXBuildFile; fileRef = C1DFA0501B73B7A600DAD2B8 /* GameCamera.swift */; };
		C1DFA0C11B7405F300DAD2B8 /* State.swift in Sources */ = {isa = PBXBuildFile; fileRef = C1DFA0C01B7405F300DAD2B8 /* State.swift */; };
		C1DFA0C21B7405F300DAD2B8 /* State.swift in Sources */ = {isa = PBXBuildFile; fileRef = C1DFA0C01B7405F300DAD2B8 /* State.swift */; };
		C1DFA0C41B74079000DAD2B8 /* StateMachine.swift in Sources */ = {isa = PBXBuildFile; fileRef = C1DFA0C31B74079000DAD2B8 /* StateMachine.swift */; };
		C1DFA0C51B74079000DAD2B8 /* StateMachine.swift in Sources */ = {isa = PBXBuildFile; fileRef = C1DFA0C31B74079000DAD2B8 /* StateMachine.swift */; };
		C1DFA0CC1B740DC800DAD2B8 /* PlayerCharacter.swift in Sources */ = {isa = PBXBuildFile; fileRef = C1DFA0C91B740DC800DAD2B8 /* PlayerCharacter.swift */; };
		C1DFA0CD1B740DC800DAD2B8 /* PlayerCharacter.swift in Sources */ = {isa = PBXBuildFile; fileRef = C1DFA0C91B740DC800DAD2B8 /* PlayerCharacter.swift */; };
		C1DFA0CE1B740DC800DAD2B8 /* GameLevel0.swift in Sources */ = {isa = PBXBuildFile; fileRef = C1DFA0CA1B740DC800DAD2B8 /* GameLevel0.swift */; };
		C1DFA0CF1B740DC800DAD2B8 /* GameLevel0.swift in Sources */ = {isa = PBXBuildFile; fileRef = C1DFA0CA1B740DC800DAD2B8 /* GameLevel0.swift */; };
		C1DFA0D01B740DC800DAD2B8 /* EnemyCharacter.swift in Sources */ = {isa = PBXBuildFile; fileRef = C1DFA0CB1B740DC800DAD2B8 /* EnemyCharacter.swift */; };
		C1DFA0D11B740DC800DAD2B8 /* EnemyCharacter.swift in Sources */ = {isa = PBXBuildFile; fileRef = C1DFA0CB1B740DC800DAD2B8 /* EnemyCharacter.swift */; };
		C1DFA0DA1B740DE600DAD2B8 /* PreGameMenu.swift in Sources */ = {isa = PBXBuildFile; fileRef = C1DFA0D41B740DE600DAD2B8 /* PreGameMenu.swift */; };
		C1DFA0DB1B740DE600DAD2B8 /* PreGameMenu.swift in Sources */ = {isa = PBXBuildFile; fileRef = C1DFA0D41B740DE600DAD2B8 /* PreGameMenu.swift */; };
		C1DFA0DC1B740DE600DAD2B8 /* LevelFailedMenu.swift in Sources */ = {isa = PBXBuildFile; fileRef = C1DFA0D51B740DE600DAD2B8 /* LevelFailedMenu.swift */; };
		C1DFA0DD1B740DE600DAD2B8 /* LevelFailedMenu.swift in Sources */ = {isa = PBXBuildFile; fileRef = C1DFA0D51B740DE600DAD2B8 /* LevelFailedMenu.swift */; };
		C1DFA0DE1B740DE600DAD2B8 /* LevelCompleteMenu.swift in Sources */ = {isa = PBXBuildFile; fileRef = C1DFA0D61B740DE600DAD2B8 /* LevelCompleteMenu.swift */; };
		C1DFA0DF1B740DE600DAD2B8 /* LevelCompleteMenu.swift in Sources */ = {isa = PBXBuildFile; fileRef = C1DFA0D61B740DE600DAD2B8 /* LevelCompleteMenu.swift */; };
		C1DFA0E01B740DE600DAD2B8 /* Joystick.swift in Sources */ = {isa = PBXBuildFile; fileRef = C1DFA0D71B740DE600DAD2B8 /* Joystick.swift */; };
		C1DFA0E11B740DE600DAD2B8 /* Joystick.swift in Sources */ = {isa = PBXBuildFile; fileRef = C1DFA0D71B740DE600DAD2B8 /* Joystick.swift */; };
		C1DFA0E21B740DE600DAD2B8 /* InGameMenu.swift in Sources */ = {isa = PBXBuildFile; fileRef = C1DFA0D81B740DE600DAD2B8 /* InGameMenu.swift */; };
		C1DFA0E31B740DE600DAD2B8 /* InGameMenu.swift in Sources */ = {isa = PBXBuildFile; fileRef = C1DFA0D81B740DE600DAD2B8 /* InGameMenu.swift */; };
		C1DFA0E41B740DE600DAD2B8 /* GameUIManager.swift in Sources */ = {isa = PBXBuildFile; fileRef = C1DFA0D91B740DE600DAD2B8 /* GameUIManager.swift */; };
		C1DFA0E51B740DE600DAD2B8 /* GameUIManager.swift in Sources */ = {isa = PBXBuildFile; fileRef = C1DFA0D91B740DE600DAD2B8 /* GameUIManager.swift */; };
/* End PBXBuildFile section */

/* Begin PBXFileReference section */
		C12622B71B74F9E200886D97 /* PlayerIdleState.swift */ = {isa = PBXFileReference; fileEncoding = 4; lastKnownFileType = sourcecode.swift; name = PlayerIdleState.swift; path = Common/Game/States/PlayerIdleState.swift; sourceTree = "<group>"; };
		C12622C01B74FA1900886D97 /* PlayerMovingState.swift */ = {isa = PBXFileReference; fileEncoding = 4; lastKnownFileType = sourcecode.swift; name = PlayerMovingState.swift; path = Common/Game/States/PlayerMovingState.swift; sourceTree = "<group>"; };
		C12622C11B74FA1900886D97 /* EnemyIdleState.swift */ = {isa = PBXFileReference; fileEncoding = 4; lastKnownFileType = sourcecode.swift; name = EnemyIdleState.swift; path = Common/Game/States/EnemyIdleState.swift; sourceTree = "<group>"; };
		C12622C61B74FA3100886D97 /* EnemyPatrolState.swift */ = {isa = PBXFileReference; fileEncoding = 4; lastKnownFileType = sourcecode.swift; name = EnemyPatrolState.swift; path = Common/Game/States/EnemyPatrolState.swift; sourceTree = "<group>"; };
		C12622CF1B75196E00886D97 /* Message.swift */ = {isa = PBXFileReference; fileEncoding = 4; lastKnownFileType = sourcecode.swift; name = Message.swift; path = Common/GameFramework/Message.swift; sourceTree = "<group>"; };
		C12622D41B76400B00886D97 /* MovingGameObject.swift */ = {isa = PBXFileReference; fileEncoding = 4; lastKnownFileType = sourcecode.swift; name = MovingGameObject.swift; path = Common/GameFramework/MovingGameObject.swift; sourceTree = "<group>"; };
		C12622DA1B7641A800886D97 /* SteeringBehavior.swift */ = {isa = PBXFileReference; fileEncoding = 4; lastKnownFileType = sourcecode.swift; name = SteeringBehavior.swift; path = Common/GameFramework/SteeringBehavior.swift; sourceTree = "<group>"; };
		C12622DE1B7650AD00886D97 /* SCNVector3Extensions.swift */ = {isa = PBXFileReference; fileEncoding = 4; lastKnownFileType = sourcecode.swift; name = SCNVector3Extensions.swift; path = Common/GameFramework/Utils/SCNVector3Extensions.swift; sourceTree = "<group>"; };
		C12622E41B79400D00886D97 /* BoxObstacle.swift */ = {isa = PBXFileReference; fileEncoding = 4; lastKnownFileType = sourcecode.swift; name = BoxObstacle.swift; path = Common/Game/BoxObstacle.swift; sourceTree = "<group>"; };
		C1B469451B7A4B5800E6A3B5 /* Path.swift */ = {isa = PBXFileReference; fileEncoding = 4; lastKnownFileType = sourcecode.swift; name = Path.swift; path = Common/GameFramework/Path.swift; sourceTree = "<group>"; };
		C1BC3BA91B7CEB6300FCAA47 /* Queue.swift */ = {isa = PBXFileReference; fileEncoding = 4; lastKnownFileType = sourcecode.swift; name = Queue.swift; path = Common/GameFramework/Utils/Queue.swift; sourceTree = "<group>"; };
		C1BC3BAF1B7CEC1500FCAA47 /* Goal.swift */ = {isa = PBXFileReference; fileEncoding = 4; lastKnownFileType = sourcecode.swift; name = Goal.swift; path = Common/GameFramework/Goal.swift; sourceTree = "<group>"; };
		C1BC3BB21B7CEC2900FCAA47 /* CompositeGoal.swift */ = {isa = PBXFileReference; fileEncoding = 4; lastKnownFileType = sourcecode.swift; name = CompositeGoal.swift; path = Common/GameFramework/CompositeGoal.swift; sourceTree = "<group>"; };
		C1BC3BB61B7CF88100FCAA47 /* WanderGoal.swift */ = {isa = PBXFileReference; fileEncoding = 4; lastKnownFileType = sourcecode.swift; name = WanderGoal.swift; path = Common/Game/Goals/WanderGoal.swift; sourceTree = "<group>"; };
		C1BC3BB91B7D029E00FCAA47 /* Regulator.swift */ = {isa = PBXFileReference; fileEncoding = 4; lastKnownFileType = sourcecode.swift; name = Regulator.swift; path = Common/GameFramework/Utils/Regulator.swift; sourceTree = "<group>"; };
		C1BC3BBF1B7D06BA00FCAA47 /* ThinkGoal.swift */ = {isa = PBXFileReference; fileEncoding = 4; lastKnownFileType = sourcecode.swift; name = ThinkGoal.swift; path = Common/Game/Goals/ThinkGoal.swift; sourceTree = "<group>"; };
		C1D165BF1B7D1FE800358B68 /* GoalEvaluator.swift */ = {isa = PBXFileReference; fileEncoding = 4; lastKnownFileType = sourcecode.swift; name = GoalEvaluator.swift; path = Common/GameFramework/GoalEvaluator.swift; sourceTree = "<group>"; };
		C1D165C21B7D22BC00358B68 /* WanderGoalEvaluator.swift */ = {isa = PBXFileReference; fileEncoding = 4; lastKnownFileType = sourcecode.swift; name = WanderGoalEvaluator.swift; path = Common/Game/Goals/WanderGoalEvaluator.swift; sourceTree = "<group>"; };
		C1D165CB1B7D3DBB00358B68 /* PatrolGoalEvaluator.swift */ = {isa = PBXFileReference; fileEncoding = 4; lastKnownFileType = sourcecode.swift; name = PatrolGoalEvaluator.swift; path = Common/Game/Goals/PatrolGoalEvaluator.swift; sourceTree = "<group>"; };
		C1D165CC1B7D3DBB00358B68 /* PatrolGoal.swift */ = {isa = PBXFileReference; fileEncoding = 4; lastKnownFileType = sourcecode.swift; name = PatrolGoal.swift; path = Common/Game/Goals/PatrolGoal.swift; sourceTree = "<group>"; };
		C1D165D11B7D790A00358B68 /* Graph.swift */ = {isa = PBXFileReference; fileEncoding = 4; lastKnownFileType = sourcecode.swift; name = Graph.swift; path = Common/GameFramework/Utils/Graph.swift; sourceTree = "<group>"; };
		C1D165D81B7E1C5900358B68 /* PathPlanner.swift */ = {isa = PBXFileReference; fileEncoding = 4; lastKnownFileType = sourcecode.swift; name = PathPlanner.swift; path = Common/GameFramework/PathFinder/PathPlanner.swift; sourceTree = "<group>"; };
		C1D165DB1B7E3E4100358B68 /* ShortestPathStep.swift */ = {isa = PBXFileReference; fileEncoding = 4; lastKnownFileType = sourcecode.swift; name = ShortestPathStep.swift; path = Common/GameFramework/PathFinder/ShortestPathStep.swift; sourceTree = "<group>"; };
		C1D165DE1B7E3FEC00358B68 /* NavigationMeshGraph.swift */ = {isa = PBXFileReference; fileEncoding = 4; lastKnownFileType = sourcecode.swift; name = NavigationMeshGraph.swift; path = Common/GameFramework/PathFinder/NavigationMeshGraph.swift; sourceTree = "<group>"; };
		C1D165E11B7E40F200358B68 /* Vertex.swift */ = {isa = PBXFileReference; fileEncoding = 4; lastKnownFileType = sourcecode.swift; name = Vertex.swift; path = Common/GameFramework/PathFinder/Vertex.swift; sourceTree = "<group>"; };
		C1D165E41B7E41E100358B68 /* MeshTriangle.swift */ = {isa = PBXFileReference; fileEncoding = 4; lastKnownFileType = sourcecode.swift; name = MeshTriangle.swift; path = Common/GameFramework/PathFinder/MeshTriangle.swift; sourceTree = "<group>"; };
		C1D165E71B7E43FA00358B68 /* GameUtils.swift */ = {isa = PBXFileReference; fileEncoding = 4; lastKnownFileType = sourcecode.swift; name = GameUtils.swift; path = Common/GameFramework/PathFinder/GameUtils.swift; sourceTree = "<group>"; };
		C1D165EA1B7E531100358B68 /* Vector3D.swift */ = {isa = PBXFileReference; fileEncoding = 4; lastKnownFileType = sourcecode.swift; name = Vector3D.swift; path = Common/GameFramework/Utils/Vector3D.swift; sourceTree = "<group>"; };
		C1DF9F841B717E8900DAD2B8 /* AIExplorer.app */ = {isa = PBXFileReference; explicitFileType = wrapper.application; includeInIndex = 0; path = AIExplorer.app; sourceTree = BUILT_PRODUCTS_DIR; };
		C1DF9F871B717E8900DAD2B8 /* AppDelegate.swift */ = {isa = PBXFileReference; lastKnownFileType = sourcecode.swift; path = AppDelegate.swift; sourceTree = "<group>"; };
		C1DF9F8B1B717E8900DAD2B8 /* GameViewController.swift */ = {isa = PBXFileReference; lastKnownFileType = sourcecode.swift; path = GameViewController.swift; sourceTree = "<group>"; };
		C1DF9F8E1B717E8900DAD2B8 /* Base */ = {isa = PBXFileReference; lastKnownFileType = file.storyboard; name = Base; path = Base.lproj/Main.storyboard; sourceTree = "<group>"; };
		C1DF9F931B717E8900DAD2B8 /* Base */ = {isa = PBXFileReference; lastKnownFileType = file.storyboard; name = Base; path = Base.lproj/LaunchScreen.storyboard; sourceTree = "<group>"; };
		C1DF9F951B717E8900DAD2B8 /* Info.plist */ = {isa = PBXFileReference; lastKnownFileType = text.plist.xml; path = Info.plist; sourceTree = "<group>"; };
		C1DF9F9F1B717EB200DAD2B8 /* MacOSXAIExplorer.app */ = {isa = PBXFileReference; explicitFileType = wrapper.application; includeInIndex = 0; path = MacOSXAIExplorer.app; sourceTree = BUILT_PRODUCTS_DIR; };
		C1DF9FA11B717EB200DAD2B8 /* AppDelegate.swift */ = {isa = PBXFileReference; lastKnownFileType = sourcecode.swift; path = AppDelegate.swift; sourceTree = "<group>"; };
		C1DF9FA31B717EB200DAD2B8 /* GameView.swift */ = {isa = PBXFileReference; lastKnownFileType = sourcecode.swift; path = GameView.swift; sourceTree = "<group>"; };
		C1DF9FA51B717EB200DAD2B8 /* GameViewController.swift */ = {isa = PBXFileReference; lastKnownFileType = sourcecode.swift; path = GameViewController.swift; sourceTree = "<group>"; };
		C1DF9FAC1B717EB200DAD2B8 /* Base */ = {isa = PBXFileReference; lastKnownFileType = file.xib; name = Base; path = Base.lproj/MainMenu.xib; sourceTree = "<group>"; };
		C1DF9FAE1B717EB200DAD2B8 /* Info.plist */ = {isa = PBXFileReference; lastKnownFileType = text.plist.xml; path = Info.plist; sourceTree = "<group>"; };
		C1DFA0301B73B69C00DAD2B8 /* Assets.xcassets */ = {isa = PBXFileReference; lastKnownFileType = folder.assetcatalog; name = Assets.xcassets; path = Common/Assets.xcassets; sourceTree = "<group>"; };
		C1DFA0311B73B69C00DAD2B8 /* art.scnassets */ = {isa = PBXFileReference; lastKnownFileType = wrapper.scnassets; name = art.scnassets; path = Common/art.scnassets; sourceTree = "<group>"; };
		C1DFA0491B73B7A600DAD2B8 /* SkinnedCharacter.swift */ = {isa = PBXFileReference; fileEncoding = 4; lastKnownFileType = sourcecode.swift; name = SkinnedCharacter.swift; path = Common/GameFramework/SkinnedCharacter.swift; sourceTree = "<group>"; };
		C1DFA04A1B73B7A600DAD2B8 /* GameUtilities.swift */ = {isa = PBXFileReference; fileEncoding = 4; lastKnownFileType = sourcecode.swift; name = GameUtilities.swift; path = Common/GameFramework/GameUtilities.swift; sourceTree = "<group>"; };
		C1DFA04B1B73B7A600DAD2B8 /* GameSceneView.swift */ = {isa = PBXFileReference; fileEncoding = 4; lastKnownFileType = sourcecode.swift; name = GameSceneView.swift; path = Common/GameFramework/GameSceneView.swift; sourceTree = "<group>"; };
		C1DFA04C1B73B7A600DAD2B8 /* GameScenesManager.swift */ = {isa = PBXFileReference; fileEncoding = 4; lastKnownFileType = sourcecode.swift; name = GameScenesManager.swift; path = Common/GameFramework/GameScenesManager.swift; sourceTree = "<group>"; };
		C1DFA04D1B73B7A600DAD2B8 /* GameOverlayScene.swift */ = {isa = PBXFileReference; fileEncoding = 4; lastKnownFileType = sourcecode.swift; name = GameOverlayScene.swift; path = Common/GameFramework/GameOverlayScene.swift; sourceTree = "<group>"; };
		C1DFA04E1B73B7A600DAD2B8 /* GameObject.swift */ = {isa = PBXFileReference; fileEncoding = 4; lastKnownFileType = sourcecode.swift; name = GameObject.swift; path = Common/GameFramework/GameObject.swift; sourceTree = "<group>"; };
		C1DFA04F1B73B7A600DAD2B8 /* GameLevel.swift */ = {isa = PBXFileReference; fileEncoding = 4; lastKnownFileType = sourcecode.swift; name = GameLevel.swift; path = Common/GameFramework/GameLevel.swift; sourceTree = "<group>"; };
		C1DFA0501B73B7A600DAD2B8 /* GameCamera.swift */ = {isa = PBXFileReference; fileEncoding = 4; lastKnownFileType = sourcecode.swift; name = GameCamera.swift; path = Common/GameFramework/GameCamera.swift; sourceTree = "<group>"; };
		C1DFA0C01B7405F300DAD2B8 /* State.swift */ = {isa = PBXFileReference; fileEncoding = 4; lastKnownFileType = sourcecode.swift; name = State.swift; path = Common/GameFramework/State.swift; sourceTree = "<group>"; };
		C1DFA0C31B74079000DAD2B8 /* StateMachine.swift */ = {isa = PBXFileReference; fileEncoding = 4; lastKnownFileType = sourcecode.swift; name = StateMachine.swift; path = Common/GameFramework/StateMachine.swift; sourceTree = "<group>"; };
		C1DFA0C91B740DC800DAD2B8 /* PlayerCharacter.swift */ = {isa = PBXFileReference; fileEncoding = 4; lastKnownFileType = sourcecode.swift; name = PlayerCharacter.swift; path = Common/Game/PlayerCharacter.swift; sourceTree = "<group>"; };
		C1DFA0CA1B740DC800DAD2B8 /* GameLevel0.swift */ = {isa = PBXFileReference; fileEncoding = 4; lastKnownFileType = sourcecode.swift; name = GameLevel0.swift; path = Common/Game/GameLevel0.swift; sourceTree = "<group>"; };
		C1DFA0CB1B740DC800DAD2B8 /* EnemyCharacter.swift */ = {isa = PBXFileReference; fileEncoding = 4; lastKnownFileType = sourcecode.swift; name = EnemyCharacter.swift; path = Common/Game/EnemyCharacter.swift; sourceTree = "<group>"; };
		C1DFA0D41B740DE600DAD2B8 /* PreGameMenu.swift */ = {isa = PBXFileReference; fileEncoding = 4; lastKnownFileType = sourcecode.swift; name = PreGameMenu.swift; path = Common/Game/UI/PreGameMenu.swift; sourceTree = "<group>"; };
		C1DFA0D51B740DE600DAD2B8 /* LevelFailedMenu.swift */ = {isa = PBXFileReference; fileEncoding = 4; lastKnownFileType = sourcecode.swift; name = LevelFailedMenu.swift; path = Common/Game/UI/LevelFailedMenu.swift; sourceTree = "<group>"; };
		C1DFA0D61B740DE600DAD2B8 /* LevelCompleteMenu.swift */ = {isa = PBXFileReference; fileEncoding = 4; lastKnownFileType = sourcecode.swift; name = LevelCompleteMenu.swift; path = Common/Game/UI/LevelCompleteMenu.swift; sourceTree = "<group>"; };
		C1DFA0D71B740DE600DAD2B8 /* Joystick.swift */ = {isa = PBXFileReference; fileEncoding = 4; lastKnownFileType = sourcecode.swift; name = Joystick.swift; path = Common/Game/UI/Joystick.swift; sourceTree = "<group>"; };
		C1DFA0D81B740DE600DAD2B8 /* InGameMenu.swift */ = {isa = PBXFileReference; fileEncoding = 4; lastKnownFileType = sourcecode.swift; name = InGameMenu.swift; path = Common/Game/UI/InGameMenu.swift; sourceTree = "<group>"; };
		C1DFA0D91B740DE600DAD2B8 /* GameUIManager.swift */ = {isa = PBXFileReference; fileEncoding = 4; lastKnownFileType = sourcecode.swift; name = GameUIManager.swift; path = Common/Game/UI/GameUIManager.swift; sourceTree = "<group>"; };
/* End PBXFileReference section */

/* Begin PBXFrameworksBuildPhase section */
		C1DF9F811B717E8900DAD2B8 /* Frameworks */ = {
			isa = PBXFrameworksBuildPhase;
			buildActionMask = 2147483647;
			files = (
			);
			runOnlyForDeploymentPostprocessing = 0;
		};
		C1DF9F9C1B717EB200DAD2B8 /* Frameworks */ = {
			isa = PBXFrameworksBuildPhase;
			buildActionMask = 2147483647;
			files = (
			);
			runOnlyForDeploymentPostprocessing = 0;
		};
/* End PBXFrameworksBuildPhase section */

/* Begin PBXGroup section */
		C12622DD1B76509700886D97 /* Utils */ = {
			isa = PBXGroup;
			children = (
				C1D165D11B7D790A00358B68 /* Graph.swift */,
				C1BC3BA91B7CEB6300FCAA47 /* Queue.swift */,
				C12622DE1B7650AD00886D97 /* SCNVector3Extensions.swift */,
				C1BC3BB91B7D029E00FCAA47 /* Regulator.swift */,
				C1D165EA1B7E531100358B68 /* Vector3D.swift */,
			);
			name = Utils;
			sourceTree = "<group>";
		};
		C1BC3BB51B7CF86600FCAA47 /* Goals */ = {
			isa = PBXGroup;
			children = (
				C1D165CB1B7D3DBB00358B68 /* PatrolGoalEvaluator.swift */,
				C1D165CC1B7D3DBB00358B68 /* PatrolGoal.swift */,
				C1BC3BB61B7CF88100FCAA47 /* WanderGoal.swift */,
				C1BC3BBF1B7D06BA00FCAA47 /* ThinkGoal.swift */,
				C1D165C21B7D22BC00358B68 /* WanderGoalEvaluator.swift */,
			);
			name = Goals;
			sourceTree = "<group>";
		};
		C1D165D41B7E1B1D00358B68 /* PathFinder */ = {
			isa = PBXGroup;
			children = (
				C1D165E71B7E43FA00358B68 /* GameUtils.swift */,
				C1D165D81B7E1C5900358B68 /* PathPlanner.swift */,
				C1D165DB1B7E3E4100358B68 /* ShortestPathStep.swift */,
				C1D165DE1B7E3FEC00358B68 /* NavigationMeshGraph.swift */,
				C1D165E11B7E40F200358B68 /* Vertex.swift */,
				C1D165E41B7E41E100358B68 /* MeshTriangle.swift */,
			);
			name = PathFinder;
			sourceTree = "<group>";
		};
		C1DF9F7B1B717E8900DAD2B8 = {
			isa = PBXGroup;
			children = (
				C1DFA02C1B73B68200DAD2B8 /* Common */,
				C1DF9F861B717E8900DAD2B8 /* AIExplorer */,
				C1DF9FA01B717EB200DAD2B8 /* MacOSXAIExplorer */,
				C1DF9F851B717E8900DAD2B8 /* Products */,
			);
			sourceTree = "<group>";
		};
		C1DF9F851B717E8900DAD2B8 /* Products */ = {
			isa = PBXGroup;
			children = (
				C1DF9F841B717E8900DAD2B8 /* AIExplorer.app */,
				C1DF9F9F1B717EB200DAD2B8 /* MacOSXAIExplorer.app */,
			);
			name = Products;
			sourceTree = "<group>";
		};
		C1DF9F861B717E8900DAD2B8 /* AIExplorer */ = {
			isa = PBXGroup;
			children = (
				C1DF9F871B717E8900DAD2B8 /* AppDelegate.swift */,
				C1DF9F8B1B717E8900DAD2B8 /* GameViewController.swift */,
				C1DF9F8D1B717E8900DAD2B8 /* Main.storyboard */,
				C1DF9F921B717E8900DAD2B8 /* LaunchScreen.storyboard */,
				C1DF9F951B717E8900DAD2B8 /* Info.plist */,
			);
			path = AIExplorer;
			sourceTree = "<group>";
		};
		C1DF9FA01B717EB200DAD2B8 /* MacOSXAIExplorer */ = {
			isa = PBXGroup;
			children = (
				C1DF9FA11B717EB200DAD2B8 /* AppDelegate.swift */,
				C1DF9FA31B717EB200DAD2B8 /* GameView.swift */,
				C1DF9FA51B717EB200DAD2B8 /* GameViewController.swift */,
				C1DF9FAB1B717EB200DAD2B8 /* MainMenu.xib */,
				C1DF9FAE1B717EB200DAD2B8 /* Info.plist */,
			);
			path = MacOSXAIExplorer;
			sourceTree = "<group>";
		};
		C1DFA02C1B73B68200DAD2B8 /* Common */ = {
			isa = PBXGroup;
			children = (
				C1DFA0C81B740DB700DAD2B8 /* Game */,
				C1DFA07E1B73B7E300DAD2B8 /* External */,
				C1DFA0481B73B79200DAD2B8 /* GameFramework */,
				C1DFA0301B73B69C00DAD2B8 /* Assets.xcassets */,
				C1DFA0311B73B69C00DAD2B8 /* art.scnassets */,
			);
			name = Common;
			sourceTree = "<group>";
		};
		C1DFA0481B73B79200DAD2B8 /* GameFramework */ = {
			isa = PBXGroup;
			children = (
				C1D165D41B7E1B1D00358B68 /* PathFinder */,
				C1BC3BAF1B7CEC1500FCAA47 /* Goal.swift */,
				C1BC3BB21B7CEC2900FCAA47 /* CompositeGoal.swift */,
				C12622DD1B76509700886D97 /* Utils */,
				C12622DA1B7641A800886D97 /* SteeringBehavior.swift */,
				C12622D41B76400B00886D97 /* MovingGameObject.swift */,
				C12622CF1B75196E00886D97 /* Message.swift */,
				C1DFA0491B73B7A600DAD2B8 /* SkinnedCharacter.swift */,
				C1DFA04A1B73B7A600DAD2B8 /* GameUtilities.swift */,
				C1DFA04B1B73B7A600DAD2B8 /* GameSceneView.swift */,
				C1DFA04C1B73B7A600DAD2B8 /* GameScenesManager.swift */,
				C1DFA04D1B73B7A600DAD2B8 /* GameOverlayScene.swift */,
				C1DFA04E1B73B7A600DAD2B8 /* GameObject.swift */,
				C1DFA04F1B73B7A600DAD2B8 /* GameLevel.swift */,
				C1DFA0501B73B7A600DAD2B8 /* GameCamera.swift */,
				C1B469451B7A4B5800E6A3B5 /* Path.swift */,
				C1DFA0C01B7405F300DAD2B8 /* State.swift */,
				C1DFA0C31B74079000DAD2B8 /* StateMachine.swift */,
				C1D165BF1B7D1FE800358B68 /* GoalEvaluator.swift */,
			);
			name = GameFramework;
			sourceTree = "<group>";
		};
		C1DFA07E1B73B7E300DAD2B8 /* External */ = {
			isa = PBXGroup;
			children = (
			);
			name = External;
			sourceTree = "<group>";
		};
		C1DFA0C81B740DB700DAD2B8 /* Game */ = {
			isa = PBXGroup;
			children = (
				C1BC3BB51B7CF86600FCAA47 /* Goals */,
				C1DFA0D31B740DD500DAD2B8 /* States */,
				C1DFA0D21B740DCE00DAD2B8 /* UI */,
				C1DFA0C91B740DC800DAD2B8 /* PlayerCharacter.swift */,
				C1DFA0CA1B740DC800DAD2B8 /* GameLevel0.swift */,
				C1DFA0CB1B740DC800DAD2B8 /* EnemyCharacter.swift */,
				C12622E41B79400D00886D97 /* BoxObstacle.swift */,
			);
			name = Game;
			sourceTree = "<group>";
		};
		C1DFA0D21B740DCE00DAD2B8 /* UI */ = {
			isa = PBXGroup;
			children = (
				C1DFA0D41B740DE600DAD2B8 /* PreGameMenu.swift */,
				C1DFA0D51B740DE600DAD2B8 /* LevelFailedMenu.swift */,
				C1DFA0D61B740DE600DAD2B8 /* LevelCompleteMenu.swift */,
				C1DFA0D71B740DE600DAD2B8 /* Joystick.swift */,
				C1DFA0D81B740DE600DAD2B8 /* InGameMenu.swift */,
				C1DFA0D91B740DE600DAD2B8 /* GameUIManager.swift */,
			);
			name = UI;
			sourceTree = "<group>";
		};
		C1DFA0D31B740DD500DAD2B8 /* States */ = {
			isa = PBXGroup;
			children = (
				C12622C61B74FA3100886D97 /* EnemyPatrolState.swift */,
				C12622C01B74FA1900886D97 /* PlayerMovingState.swift */,
				C12622C11B74FA1900886D97 /* EnemyIdleState.swift */,
				C12622B71B74F9E200886D97 /* PlayerIdleState.swift */,
			);
			name = States;
			sourceTree = "<group>";
		};
/* End PBXGroup section */

/* Begin PBXNativeTarget section */
		C1DF9F831B717E8900DAD2B8 /* AIExplorer */ = {
			isa = PBXNativeTarget;
			buildConfigurationList = C1DF9F981B717E8900DAD2B8 /* Build configuration list for PBXNativeTarget "AIExplorer" */;
			buildPhases = (
				C1DF9F801B717E8900DAD2B8 /* Sources */,
				C1DF9F811B717E8900DAD2B8 /* Frameworks */,
				C1DF9F821B717E8900DAD2B8 /* Resources */,
			);
			buildRules = (
			);
			dependencies = (
			);
			name = AIExplorer;
			productName = AIExplorer;
			productReference = C1DF9F841B717E8900DAD2B8 /* AIExplorer.app */;
			productType = "com.apple.product-type.application";
		};
		C1DF9F9E1B717EB200DAD2B8 /* MacOSXAIExplorer */ = {
			isa = PBXNativeTarget;
			buildConfigurationList = C1DF9FAF1B717EB200DAD2B8 /* Build configuration list for PBXNativeTarget "MacOSXAIExplorer" */;
			buildPhases = (
				C1DF9F9B1B717EB200DAD2B8 /* Sources */,
				C1DF9F9C1B717EB200DAD2B8 /* Frameworks */,
				C1DF9F9D1B717EB200DAD2B8 /* Resources */,
			);
			buildRules = (
			);
			dependencies = (
			);
			name = MacOSXAIExplorer;
			productName = MacOSXAIExplorer;
			productReference = C1DF9F9F1B717EB200DAD2B8 /* MacOSXAIExplorer.app */;
			productType = "com.apple.product-type.application";
		};
/* End PBXNativeTarget section */

/* Begin PBXProject section */
		C1DF9F7C1B717E8900DAD2B8 /* Project object */ = {
			isa = PBXProject;
			attributes = {
				LastUpgradeCheck = 0700;
				ORGANIZATIONNAME = "Vivek Nagar";
				TargetAttributes = {
					C1DF9F831B717E8900DAD2B8 = {
						CreatedOnToolsVersion = 7.0;
					};
					C1DF9F9E1B717EB200DAD2B8 = {
						CreatedOnToolsVersion = 7.0;
					};
				};
			};
			buildConfigurationList = C1DF9F7F1B717E8900DAD2B8 /* Build configuration list for PBXProject "AIExplorer" */;
			compatibilityVersion = "Xcode 3.2";
			developmentRegion = English;
			hasScannedForEncodings = 0;
			knownRegions = (
				en,
				Base,
			);
			mainGroup = C1DF9F7B1B717E8900DAD2B8;
			productRefGroup = C1DF9F851B717E8900DAD2B8 /* Products */;
			projectDirPath = "";
			projectRoot = "";
			targets = (
				C1DF9F831B717E8900DAD2B8 /* AIExplorer */,
				C1DF9F9E1B717EB200DAD2B8 /* MacOSXAIExplorer */,
			);
		};
/* End PBXProject section */

/* Begin PBXResourcesBuildPhase section */
		C1DF9F821B717E8900DAD2B8 /* Resources */ = {
			isa = PBXResourcesBuildPhase;
			buildActionMask = 2147483647;
			files = (
				C1DF9F941B717E8900DAD2B8 /* LaunchScreen.storyboard in Resources */,
				C1DFA03A1B73B69C00DAD2B8 /* art.scnassets in Resources */,
				C1DFA0381B73B69C00DAD2B8 /* Assets.xcassets in Resources */,
				C1DF9F8F1B717E8900DAD2B8 /* Main.storyboard in Resources */,
			);
			runOnlyForDeploymentPostprocessing = 0;
		};
		C1DF9F9D1B717EB200DAD2B8 /* Resources */ = {
			isa = PBXResourcesBuildPhase;
			buildActionMask = 2147483647;
			files = (
				C1DFA03B1B73B69C00DAD2B8 /* art.scnassets in Resources */,
				C1DF9FAD1B717EB200DAD2B8 /* MainMenu.xib in Resources */,
				C1DFA0391B73B69C00DAD2B8 /* Assets.xcassets in Resources */,
			);
			runOnlyForDeploymentPostprocessing = 0;
		};
/* End PBXResourcesBuildPhase section */

/* Begin PBXSourcesBuildPhase section */
		C1DF9F801B717E8900DAD2B8 /* Sources */ = {
			isa = PBXSourcesBuildPhase;
			buildActionMask = 2147483647;
			files = (
				C12622DF1B7650AD00886D97 /* SCNVector3Extensions.swift in Sources */,
				C12622C21B74FA1900886D97 /* PlayerMovingState.swift in Sources */,
				C12622B81B74F9E200886D97 /* PlayerIdleState.swift in Sources */,
				C1DFA0531B73B7A600DAD2B8 /* GameUtilities.swift in Sources */,
				C1D165E21B7E40F200358B68 /* Vertex.swift in Sources */,
				C1DF9F8C1B717E8900DAD2B8 /* GameViewController.swift in Sources */,
				C1DFA0DA1B740DE600DAD2B8 /* PreGameMenu.swift in Sources */,
				C1DFA0C11B7405F300DAD2B8 /* State.swift in Sources */,
				C1D165DC1B7E3E4100358B68 /* ShortestPathStep.swift in Sources */,
				C1DFA0CE1B740DC800DAD2B8 /* GameLevel0.swift in Sources */,
				C1DFA0E21B740DE600DAD2B8 /* InGameMenu.swift in Sources */,
				C1BC3BB01B7CEC1500FCAA47 /* Goal.swift in Sources */,
				C1DFA0D01B740DC800DAD2B8 /* EnemyCharacter.swift in Sources */,
				C12622D01B75196E00886D97 /* Message.swift in Sources */,
				C1DFA0591B73B7A600DAD2B8 /* GameOverlayScene.swift in Sources */,
				C1DFA0551B73B7A600DAD2B8 /* GameSceneView.swift in Sources */,
				C1BC3BB71B7CF88100FCAA47 /* WanderGoal.swift in Sources */,
				C1DFA05B1B73B7A600DAD2B8 /* GameObject.swift in Sources */,
				C12622D51B76400B00886D97 /* MovingGameObject.swift in Sources */,
				C1BC3BBA1B7D029E00FCAA47 /* Regulator.swift in Sources */,
				C1D165DF1B7E3FEC00358B68 /* NavigationMeshGraph.swift in Sources */,
				C1D165E81B7E43FA00358B68 /* GameUtils.swift in Sources */,
				C1D165D21B7D790A00358B68 /* Graph.swift in Sources */,
				C1D165C01B7D1FE800358B68 /* GoalEvaluator.swift in Sources */,
				C12622E51B79400D00886D97 /* BoxObstacle.swift in Sources */,
				C1D165CD1B7D3DBB00358B68 /* PatrolGoalEvaluator.swift in Sources */,
				C1DFA0E01B740DE600DAD2B8 /* Joystick.swift in Sources */,
				C1D165D91B7E1C5900358B68 /* PathPlanner.swift in Sources */,
				C1B469461B7A4B5800E6A3B5 /* Path.swift in Sources */,
				C1DFA0E41B740DE600DAD2B8 /* GameUIManager.swift in Sources */,
				C1DFA0DC1B740DE600DAD2B8 /* LevelFailedMenu.swift in Sources */,
				C1BC3BB31B7CEC2900FCAA47 /* CompositeGoal.swift in Sources */,
				C1D165EB1B7E531100358B68 /* Vector3D.swift in Sources */,
				C1D165E51B7E41E100358B68 /* MeshTriangle.swift in Sources */,
				C1DF9F881B717E8900DAD2B8 /* AppDelegate.swift in Sources */,
				C12622DB1B7641A800886D97 /* SteeringBehavior.swift in Sources */,
				C1BC3BC01B7D06BA00FCAA47 /* ThinkGoal.swift in Sources */,
				C1DFA05F1B73B7A600DAD2B8 /* GameCamera.swift in Sources */,
				C12622C71B74FA3100886D97 /* EnemyPatrolState.swift in Sources */,
				C1D165CF1B7D3DBB00358B68 /* PatrolGoal.swift in Sources */,
				C1BC3BAA1B7CEB6300FCAA47 /* Queue.swift in Sources */,
				C1DFA0DE1B740DE600DAD2B8 /* LevelCompleteMenu.swift in Sources */,
				C1DFA0571B73B7A600DAD2B8 /* GameScenesManager.swift in Sources */,
				C1DFA05D1B73B7A600DAD2B8 /* GameLevel.swift in Sources */,
				C1D165C31B7D22BC00358B68 /* WanderGoalEvaluator.swift in Sources */,
				C1DFA0CC1B740DC800DAD2B8 /* PlayerCharacter.swift in Sources */,
				C1DFA0C41B74079000DAD2B8 /* StateMachine.swift in Sources */,
				C1DFA0511B73B7A600DAD2B8 /* SkinnedCharacter.swift in Sources */,
				C12622C41B74FA1900886D97 /* EnemyIdleState.swift in Sources */,
			);
			runOnlyForDeploymentPostprocessing = 0;
		};
		C1DF9F9B1B717EB200DAD2B8 /* Sources */ = {
			isa = PBXSourcesBuildPhase;
			buildActionMask = 2147483647;
			files = (
				C12622C31B74FA1900886D97 /* PlayerMovingState.swift in Sources */,
				C1B469471B7A4B5800E6A3B5 /* Path.swift in Sources */,
				C1DFA0CD1B740DC800DAD2B8 /* PlayerCharacter.swift in Sources */,
				C12622E61B79400D00886D97 /* BoxObstacle.swift in Sources */,
				C1DFA0E51B740DE600DAD2B8 /* GameUIManager.swift in Sources */,
				C1DFA0601B73B7A600DAD2B8 /* GameCamera.swift in Sources */,
				C1DFA0541B73B7A600DAD2B8 /* GameUtilities.swift in Sources */,
				C1DFA0561B73B7A600DAD2B8 /* GameSceneView.swift in Sources */,
				C1DFA0DD1B740DE600DAD2B8 /* LevelFailedMenu.swift in Sources */,
				C1BC3BC11B7D06BA00FCAA47 /* ThinkGoal.swift in Sources */,
				C1DFA0C21B7405F300DAD2B8 /* State.swift in Sources */,
				C1DFA05E1B73B7A600DAD2B8 /* GameLevel.swift in Sources */,
				C1D165C11B7D1FE800358B68 /* GoalEvaluator.swift in Sources */,
				C12622E01B7650AD00886D97 /* SCNVector3Extensions.swift in Sources */,
				C1D165C41B7D22BC00358B68 /* WanderGoalEvaluator.swift in Sources */,
				C1DFA05C1B73B7A600DAD2B8 /* GameObject.swift in Sources */,
				C1D165D01B7D3DBB00358B68 /* PatrolGoal.swift in Sources */,
				C1D165E91B7E43FA00358B68 /* GameUtils.swift in Sources */,
				C1BC3BB11B7CEC1500FCAA47 /* Goal.swift in Sources */,
				C1D165E31B7E40F200358B68 /* Vertex.swift in Sources */,
				C1D165E01B7E3FEC00358B68 /* NavigationMeshGraph.swift in Sources */,
				C1D165DA1B7E1C5900358B68 /* PathPlanner.swift in Sources */,
				C12622D61B76400B00886D97 /* MovingGameObject.swift in Sources */,
				C1DF9FA41B717EB200DAD2B8 /* GameView.swift in Sources */,
				C1BC3BB41B7CEC2900FCAA47 /* CompositeGoal.swift in Sources */,
				C1DFA05A1B73B7A600DAD2B8 /* GameOverlayScene.swift in Sources */,
				C12622C81B74FA3100886D97 /* EnemyPatrolState.swift in Sources */,
				C1DFA0DF1B740DE600DAD2B8 /* LevelCompleteMenu.swift in Sources */,
				C1DFA0581B73B7A600DAD2B8 /* GameScenesManager.swift in Sources */,
				C1DFA0D11B740DC800DAD2B8 /* EnemyCharacter.swift in Sources */,
				C1DF9FA61B717EB200DAD2B8 /* GameViewController.swift in Sources */,
				C1DFA0521B73B7A600DAD2B8 /* SkinnedCharacter.swift in Sources */,
				C1D165DD1B7E3E4100358B68 /* ShortestPathStep.swift in Sources */,
				C1D165E61B7E41E100358B68 /* MeshTriangle.swift in Sources */,
				C12622B91B74F9E200886D97 /* PlayerIdleState.swift in Sources */,
				C1DFA0E31B740DE600DAD2B8 /* InGameMenu.swift in Sources */,
				C1DFA0C51B74079000DAD2B8 /* StateMachine.swift in Sources */,
				C12622D11B75196E00886D97 /* Message.swift in Sources */,
				C12622DC1B7641A800886D97 /* SteeringBehavior.swift in Sources */,
				C1D165EC1B7E531100358B68 /* Vector3D.swift in Sources */,
				C1D165CE1B7D3DBB00358B68 /* PatrolGoalEvaluator.swift in Sources */,
				C1DFA0CF1B740DC800DAD2B8 /* GameLevel0.swift in Sources */,
				C1DFA0E11B740DE600DAD2B8 /* Joystick.swift in Sources */,
				C1DFA0DB1B740DE600DAD2B8 /* PreGameMenu.swift in Sources */,
				C1BC3BB81B7CF88100FCAA47 /* WanderGoal.swift in Sources */,
				C1BC3BBB1B7D029E00FCAA47 /* Regulator.swift in Sources */,
				C1DF9FA21B717EB200DAD2B8 /* AppDelegate.swift in Sources */,
				C1D165D31B7D790A00358B68 /* Graph.swift in Sources */,
				C1BC3BAB1B7CEB6300FCAA47 /* Queue.swift in Sources */,
				C12622C51B74FA1900886D97 /* EnemyIdleState.swift in Sources */,
			);
			runOnlyForDeploymentPostprocessing = 0;
		};
/* End PBXSourcesBuildPhase section */

/* Begin PBXVariantGroup section */
		C1DF9F8D1B717E8900DAD2B8 /* Main.storyboard */ = {
			isa = PBXVariantGroup;
			children = (
				C1DF9F8E1B717E8900DAD2B8 /* Base */,
			);
			name = Main.storyboard;
			sourceTree = "<group>";
		};
		C1DF9F921B717E8900DAD2B8 /* LaunchScreen.storyboard */ = {
			isa = PBXVariantGroup;
			children = (
				C1DF9F931B717E8900DAD2B8 /* Base */,
			);
			name = LaunchScreen.storyboard;
			sourceTree = "<group>";
		};
		C1DF9FAB1B717EB200DAD2B8 /* MainMenu.xib */ = {
			isa = PBXVariantGroup;
			children = (
				C1DF9FAC1B717EB200DAD2B8 /* Base */,
			);
			name = MainMenu.xib;
			sourceTree = "<group>";
		};
/* End PBXVariantGroup section */

/* Begin XCBuildConfiguration section */
		C1DF9F961B717E8900DAD2B8 /* Debug */ = {
			isa = XCBuildConfiguration;
			buildSettings = {
				ALWAYS_SEARCH_USER_PATHS = NO;
				CLANG_CXX_LANGUAGE_STANDARD = "gnu++0x";
				CLANG_CXX_LIBRARY = "libc++";
				CLANG_ENABLE_MODULES = YES;
				CLANG_ENABLE_OBJC_ARC = YES;
				CLANG_WARN_BOOL_CONVERSION = YES;
				CLANG_WARN_CONSTANT_CONVERSION = YES;
				CLANG_WARN_DIRECT_OBJC_ISA_USAGE = YES_ERROR;
				CLANG_WARN_EMPTY_BODY = YES;
				CLANG_WARN_ENUM_CONVERSION = YES;
				CLANG_WARN_INT_CONVERSION = YES;
				CLANG_WARN_OBJC_ROOT_CLASS = YES_ERROR;
				CLANG_WARN_UNREACHABLE_CODE = YES;
				CLANG_WARN__DUPLICATE_METHOD_MATCH = YES;
				"CODE_SIGN_IDENTITY[sdk=iphoneos*]" = "iPhone Developer";
				COPY_PHASE_STRIP = NO;
				DEBUG_INFORMATION_FORMAT = dwarf;
				ENABLE_STRICT_OBJC_MSGSEND = YES;
				ENABLE_TESTABILITY = YES;
				GCC_C_LANGUAGE_STANDARD = gnu99;
				GCC_DYNAMIC_NO_PIC = NO;
				GCC_NO_COMMON_BLOCKS = YES;
				GCC_OPTIMIZATION_LEVEL = 0;
				GCC_PREPROCESSOR_DEFINITIONS = (
					"DEBUG=1",
					"$(inherited)",
				);
				GCC_WARN_64_TO_32_BIT_CONVERSION = YES;
				GCC_WARN_ABOUT_RETURN_TYPE = YES_ERROR;
				GCC_WARN_UNDECLARED_SELECTOR = YES;
				GCC_WARN_UNINITIALIZED_AUTOS = YES_AGGRESSIVE;
				GCC_WARN_UNUSED_FUNCTION = YES;
				GCC_WARN_UNUSED_VARIABLE = YES;
				IPHONEOS_DEPLOYMENT_TARGET = 9.0;
				MTL_ENABLE_DEBUG_INFO = YES;
				ONLY_ACTIVE_ARCH = YES;
				SDKROOT = iphoneos;
				SWIFT_OPTIMIZATION_LEVEL = "-Onone";
				TARGETED_DEVICE_FAMILY = "1,2";
			};
			name = Debug;
		};
		C1DF9F971B717E8900DAD2B8 /* Release */ = {
			isa = XCBuildConfiguration;
			buildSettings = {
				ALWAYS_SEARCH_USER_PATHS = NO;
				CLANG_CXX_LANGUAGE_STANDARD = "gnu++0x";
				CLANG_CXX_LIBRARY = "libc++";
				CLANG_ENABLE_MODULES = YES;
				CLANG_ENABLE_OBJC_ARC = YES;
				CLANG_WARN_BOOL_CONVERSION = YES;
				CLANG_WARN_CONSTANT_CONVERSION = YES;
				CLANG_WARN_DIRECT_OBJC_ISA_USAGE = YES_ERROR;
				CLANG_WARN_EMPTY_BODY = YES;
				CLANG_WARN_ENUM_CONVERSION = YES;
				CLANG_WARN_INT_CONVERSION = YES;
				CLANG_WARN_OBJC_ROOT_CLASS = YES_ERROR;
				CLANG_WARN_UNREACHABLE_CODE = YES;
				CLANG_WARN__DUPLICATE_METHOD_MATCH = YES;
				"CODE_SIGN_IDENTITY[sdk=iphoneos*]" = "iPhone Developer";
				COPY_PHASE_STRIP = NO;
				DEBUG_INFORMATION_FORMAT = "dwarf-with-dsym";
				ENABLE_NS_ASSERTIONS = NO;
				ENABLE_STRICT_OBJC_MSGSEND = YES;
				GCC_C_LANGUAGE_STANDARD = gnu99;
				GCC_NO_COMMON_BLOCKS = YES;
				GCC_WARN_64_TO_32_BIT_CONVERSION = YES;
				GCC_WARN_ABOUT_RETURN_TYPE = YES_ERROR;
				GCC_WARN_UNDECLARED_SELECTOR = YES;
				GCC_WARN_UNINITIALIZED_AUTOS = YES_AGGRESSIVE;
				GCC_WARN_UNUSED_FUNCTION = YES;
				GCC_WARN_UNUSED_VARIABLE = YES;
				IPHONEOS_DEPLOYMENT_TARGET = 9.0;
				MTL_ENABLE_DEBUG_INFO = NO;
				SDKROOT = iphoneos;
				TARGETED_DEVICE_FAMILY = "1,2";
				VALIDATE_PRODUCT = YES;
			};
			name = Release;
		};
		C1DF9F991B717E8900DAD2B8 /* Debug */ = {
			isa = XCBuildConfiguration;
			buildSettings = {
				ASSETCATALOG_COMPILER_APPICON_NAME = AppIcon;
				INFOPLIST_FILE = AIExplorer/Info.plist;
				LD_RUNPATH_SEARCH_PATHS = "$(inherited) @executable_path/Frameworks";
				PRODUCT_BUNDLE_IDENTIFIER = com.vivek.AIExplorer;
				PRODUCT_NAME = "$(TARGET_NAME)";
			};
			name = Debug;
		};
		C1DF9F9A1B717E8900DAD2B8 /* Release */ = {
			isa = XCBuildConfiguration;
			buildSettings = {
				ASSETCATALOG_COMPILER_APPICON_NAME = AppIcon;
				INFOPLIST_FILE = AIExplorer/Info.plist;
				LD_RUNPATH_SEARCH_PATHS = "$(inherited) @executable_path/Frameworks";
				PRODUCT_BUNDLE_IDENTIFIER = com.vivek.AIExplorer;
				PRODUCT_NAME = "$(TARGET_NAME)";
			};
			name = Release;
		};
		C1DF9FB01B717EB200DAD2B8 /* Debug */ = {
			isa = XCBuildConfiguration;
			buildSettings = {
				ASSETCATALOG_COMPILER_APPICON_NAME = AppIcon;
				CODE_SIGN_IDENTITY = "-";
				COMBINE_HIDPI_IMAGES = YES;
				INFOPLIST_FILE = MacOSXAIExplorer/Info.plist;
				LD_RUNPATH_SEARCH_PATHS = "$(inherited) @executable_path/../Frameworks";
				MACOSX_DEPLOYMENT_TARGET = 10.10;
				PRODUCT_BUNDLE_IDENTIFIER = com.vivek.MacOSXAIExplorer;
				PRODUCT_NAME = "$(TARGET_NAME)";
				SDKROOT = macosx;
			};
			name = Debug;
		};
		C1DF9FB11B717EB200DAD2B8 /* Release */ = {
			isa = XCBuildConfiguration;
			buildSettings = {
				ASSETCATALOG_COMPILER_APPICON_NAME = AppIcon;
				CODE_SIGN_IDENTITY = "-";
				COMBINE_HIDPI_IMAGES = YES;
				INFOPLIST_FILE = MacOSXAIExplorer/Info.plist;
				LD_RUNPATH_SEARCH_PATHS = "$(inherited) @executable_path/../Frameworks";
				MACOSX_DEPLOYMENT_TARGET = 10.10;
				PRODUCT_BUNDLE_IDENTIFIER = com.vivek.MacOSXAIExplorer;
				PRODUCT_NAME = "$(TARGET_NAME)";
				SDKROOT = macosx;
			};
			name = Release;
		};
/* End XCBuildConfiguration section */

/* Begin XCConfigurationList section */
		C1DF9F7F1B717E8900DAD2B8 /* Build configuration list for PBXProject "AIExplorer" */ = {
			isa = XCConfigurationList;
			buildConfigurations = (
				C1DF9F961B717E8900DAD2B8 /* Debug */,
				C1DF9F971B717E8900DAD2B8 /* Release */,
			);
			defaultConfigurationIsVisible = 0;
			defaultConfigurationName = Release;
		};
		C1DF9F981B717E8900DAD2B8 /* Build configuration list for PBXNativeTarget "AIExplorer" */ = {
			isa = XCConfigurationList;
			buildConfigurations = (
				C1DF9F991B717E8900DAD2B8 /* Debug */,
				C1DF9F9A1B717E8900DAD2B8 /* Release */,
			);
			defaultConfigurationIsVisible = 0;
			defaultConfigurationName = Release;
		};
		C1DF9FAF1B717EB200DAD2B8 /* Build configuration list for PBXNativeTarget "MacOSXAIExplorer" */ = {
			isa = XCConfigurationList;
			buildConfigurations = (
				C1DF9FB01B717EB200DAD2B8 /* Debug */,
				C1DF9FB11B717EB200DAD2B8 /* Release */,
			);
			defaultConfigurationIsVisible = 0;
			defaultConfigurationName = Release;
		};
/* End XCConfigurationList section */
	};
	rootObject = C1DF9F7C1B717E8900DAD2B8 /* Project object */;
}
